{
  "nodes": {
    "darwin": {
      "inputs": {
        "nixpkgs": "nixpkgs"
      },
      "locked": {
        "lastModified": 1695424346,
        "narHash": "sha256-jkjKhxaBpS7p//l90uz9lNdVK5imVe9eo+XH6zbfrJU=",
        "owner": "lnl7",
        "repo": "nix-darwin",
        "rev": "c286b23c7fd7f0622bc4af898c91f58b8d304ff1",
        "type": "github"
      },
      "original": {
        "owner": "lnl7",
        "ref": "master",
        "repo": "nix-darwin",
        "type": "github"
      }
    },
    "disko": {
      "flake": false,
      "locked": {
        "lastModified": 1691743546,
        "narHash": "sha256-nS2uWOeEmMgUBEMDCvwLlXBBCLkW7agDcMtOXuf9PDc=",
        "owner": "nix-community",
        "repo": "disko",
        "rev": "241c878d4b542fea7c61ed4421e9224af054ff56",
        "type": "github"
      },
      "original": {
        "owner": "nix-community",
        "repo": "disko",
        "type": "github"
      }
    },
    "expidus-sdk": {
      "inputs": {
        "disko": "disko",
        "flake-utils": "flake-utils",
        "mobile-nixos": "mobile-nixos",
        "nixpkgs": "nixpkgs_2"
      },
      "locked": {
        "lastModified": 1695279109,
        "narHash": "sha256-/Daz2PCF316wfWq3BEMKt7cPSjWKMoO6DgiaYWqGIMI=",
        "owner": "ExpidusOS",
        "repo": "sdk",
        "rev": "80dbbdb43c74dc4266bd5d666c21f164804e4c2a",
        "type": "github"
      },
      "original": {
        "owner": "ExpidusOS",
        "repo": "sdk",
        "type": "github"
      }
    },
    "flake-compat": {
      "locked": {
        "lastModified": 1688025799,
        "narHash": "sha256-ktpB4dRtnksm9F5WawoIkEneh1nrEvuxb5lJFt1iOyw=",
        "owner": "nix-community",
        "repo": "flake-compat",
        "rev": "8bf105319d44f6b9f0d764efa4fdef9f1cc9ba1c",
        "type": "github"
      },
      "original": {
        "owner": "nix-community",
        "repo": "flake-compat",
        "type": "github"
      }
    },
    "flake-utils": {
      "inputs": {
        "systems": "systems"
      },
      "locked": {
        "lastModified": 1689068808,
        "narHash": "sha256-6ixXo3wt24N/melDWjq70UuHQLxGV8jZvooRanIHXw0=",
        "owner": "numtide",
        "repo": "flake-utils",
        "rev": "919d646de7be200f3bf08cb76ae1f09402b6f9b4",
        "type": "github"
      },
      "original": {
        "owner": "numtide",
        "repo": "flake-utils",
        "type": "github"
      }
    },
    "home-manager": {
      "inputs": {
        "nixpkgs": "nixpkgs_3"
      },
      "locked": {
        "lastModified": 1695108154,
        "narHash": "sha256-gSg7UTVtls2yO9lKtP0yb66XBHT1Fx5qZSZbGMpSn2c=",
        "owner": "nix-community",
        "repo": "home-manager",
        "rev": "07682fff75d41f18327a871088d20af2710d4744",
        "type": "github"
      },
      "original": {
        "owner": "nix-community",
        "ref": "release-23.05",
        "repo": "home-manager",
        "type": "github"
      }
    },
    "mobile-nixos": {
      "flake": false,
      "locked": {
        "lastModified": 1690059310,
        "narHash": "sha256-4zcoDp8wwZVfGSzXltC5x+eH4kDWC/eJpyQNgr7shAA=",
        "owner": "NixOS",
        "repo": "mobile-nixos",
        "rev": "56fc9f9619f305f0865354975a98d22410eed127",
        "type": "github"
      },
      "original": {
        "owner": "NixOS",
        "repo": "mobile-nixos",
        "type": "github"
      }
    },
    "nixos-apple-silicon": {
      "inputs": {
        "flake-compat": "flake-compat",
        "nixpkgs": "nixpkgs_4",
        "rust-overlay": "rust-overlay"
      },
      "locked": {
        "lastModified": 1695000433,
        "narHash": "sha256-CYB6YD+NLpmj/ORWlmeS/58PIHONF1G7cQMyXHo9ILo=",
        "owner": "tpwrules",
        "repo": "nixos-apple-silicon",
        "rev": "096dc63e5426e17f70b4a8bf7716c3dd3430ba8c",
        "type": "github"
      },
      "original": {
        "owner": "tpwrules",
        "repo": "nixos-apple-silicon",
        "type": "github"
      }
    },
    "nixpkgs": {
      "locked": {
        "lastModified": 1687274257,
        "narHash": "sha256-TutzPriQcZ8FghDhEolnHcYU2oHIG5XWF+/SUBNnAOE=",
        "path": "/nix/store/22qgs3skscd9bmrxv9xv4q5d4wwm5ppx-source",
        "rev": "2c9ecd1f0400076a4d6b2193ad468ff0a7e7fdc5",
        "type": "path"
      },
      "original": {
        "id": "nixpkgs",
        "type": "indirect"
      }
    },
    "nixpkgs-unstable": {
      "locked": {
        "lastModified": 1695360818,
        "narHash": "sha256-JlkN3R/SSoMTa+CasbxS1gq+GpGxXQlNZRUh9+LIy/0=",
        "owner": "NixOS",
        "repo": "nixpkgs",
        "rev": "e35dcc04a3853da485a396bdd332217d0ac9054f",
        "type": "github"
      },
      "original": {
        "owner": "NixOS",
        "ref": "nixos-unstable",
        "repo": "nixpkgs",
        "type": "github"
      }
    },
    "nixpkgs_2": {
      "flake": false,
      "locked": {
        "lastModified": 1691720164,
        "narHash": "sha256-XUlLFCg38op59iG6yyVaBAvVYAHIy1fUKN1zswlmOM8=",
        "owner": "ExpidusOS",
        "repo": "nixpkgs",
        "rev": "76d215adeb044f1a88597c58dbc8b944a5e97191",
        "type": "github"
      },
      "original": {
        "owner": "ExpidusOS",
        "repo": "nixpkgs",
        "type": "github"
      }
    },
    "nixpkgs_3": {
      "locked": {
        "lastModified": 1687466461,
        "narHash": "sha256-oupXI7g7RPzlpGUfAu1xG4KBK53GrZH8/xeKgKDB4+Q=",
        "owner": "nixos",
        "repo": "nixpkgs",
        "rev": "ecb441f22067ba1d6312f4932a7c64efa8d19a7b",
        "type": "github"
      },
      "original": {
        "owner": "nixos",
        "ref": "nixos-23.05",
        "repo": "nixpkgs",
        "type": "github"
      }
    },
    "nixpkgs_4": {
      "locked": {
        "lastModified": 1694767346,
        "narHash": "sha256-5uH27SiVFUwsTsqC5rs3kS7pBoNhtoy9QfTP9BmknGk=",
        "owner": "nixos",
        "repo": "nixpkgs",
        "rev": "ace5093e36ab1e95cb9463863491bee90d5a4183",
        "type": "github"
      },
      "original": {
        "owner": "nixos",
        "repo": "nixpkgs",
        "rev": "ace5093e36ab1e95cb9463863491bee90d5a4183",
        "type": "github"
      }
    },
    "nixpkgs_5": {
      "locked": {
        "lastModified": 1695416179,
        "narHash": "sha256-610o1+pwbSu+QuF3GE0NU5xQdTHM3t9wyYhB9l94Cd8=",
        "owner": "NixOS",
        "repo": "nixpkgs",
        "rev": "715d72e967ec1dd5ecc71290ee072bcaf5181ed6",
        "type": "github"
      },
      "original": {
        "owner": "NixOS",
        "ref": "nixos-23.05",
        "repo": "nixpkgs",
        "type": "github"
      }
    },
    "nur": {
      "locked": {
        "lastModified": 1695612270,
        "narHash": "sha256-2L8uSzpU8fIL0rQ2wpMstpTUT5aKI1gHdpfRJyr4qGs=",
        "owner": "nix-community",
        "repo": "NUR",
        "rev": "a1eff50118e0d7555025517bea371210adbb4ad9",
        "type": "github"
      },
      "original": {
        "owner": "nix-community",
        "repo": "NUR",
        "type": "github"
      }
    },
    "root": {
      "inputs": {
        "darwin": "darwin",
        "expidus-sdk": "expidus-sdk",
        "home-manager": "home-manager",
        "nixos-apple-silicon": "nixos-apple-silicon",
        "nixpkgs": "nixpkgs_5",
        "nixpkgs-unstable": "nixpkgs-unstable",
        "nur": "nur"
      }
    },
    "rust-overlay": {
      "flake": false,
      "locked": {
        "lastModified": 1686795910,
        "narHash": "sha256-jDa40qRZ0GRQtP9EMZdf+uCbvzuLnJglTUI2JoHfWDc=",
        "owner": "oxalica",
        "repo": "rust-overlay",
        "rev": "5c2b97c0a9bc5217fc3dfb1555aae0fb756d99f9",
        "type": "github"
      },
      "original": {
        "owner": "oxalica",
        "repo": "rust-overlay",
        "type": "github"
      }
    },
    "systems": {
      "locked": {
        "lastModified": 1681028828,
        "narHash": "sha256-Vy1rq5AaRuLzOxct8nz4T6wlgyUR7zLU309k9mBC768=",
        "owner": "nix-systems",
        "repo": "default",
        "rev": "da67096a3b9bf56a91d16901293e51ba5b49a27e",
        "type": "github"
      },
      "original": {
        "owner": "nix-systems",
        "repo": "default",
        "type": "github"
      }
    }
  },
  "root": "root",
  "version": 7
}
